
Microsoft Visual Studio Solution File, Format Version 12.00
# Visual Studio Version 17
VisualStudioVersion = 17.8.34408.163
MinimumVisualStudioVersion = 10.0.40219.1
Project("{8BC9CEB8-8B4A-11D0-8D11-00A0C91BC942}") = "AlgorithmsAssignment2", "AlgorithmsAssignment2\AlgorithmsAssignment2.vcxproj", "{F863CD7A-6843-4462-B606-70F9BD15BF4C}"
EndProject
Global
	GlobalSection(SolutionConfigurationPlatforms) = preSolution
		Debug|x64 = Debug|x64
		Debug|x86 = Debug|x86
		Release|x64 = Release|x64
		Release|x86 = Release|x86
	EndGlobalSection
	GlobalSection(ProjectConfigurationPlatforms) = postSolution
		{F863CD7A-6843-4462-B606-70F9BD15BF4C}.Debug|x64.ActiveCfg = Debug|x64
		{F863CD7A-6843-4462-B606-70F9BD15BF4C}.Debug|x64.Build.0 = Debug|x64
		{F863CD7A-6843-4462-B606-70F9BD15BF4C}.Debug|x86.ActiveCfg = Debug|Win32
		{F863CD7A-6843-4462-B606-70F9BD15BF4C}.Debug|x86.Build.0 = Debug|Win32
		{F863CD7A-6843-4462-B606-70F9BD15BF4C}.Release|x64.ActiveCfg = Release|x64
		{F863CD7A-6843-4462-B606-70F9BD15BF4C}.Release|x64.Build.0 = Release|x64
		{F863CD7A-6843-4462-B606-70F9BD15BF4C}.Release|x86.ActiveCfg = Release|Win32
		{F863CD7A-6843-4462-B606-70F9BD15BF4C}.Release|x86.Build.0 = Release|Win32
	EndGlobalSection
	GlobalSection(SolutionProperties) = preSolution
		HideSolutionNode = FALSE
	EndGlobalSection
	GlobalSection(ExtensibilityGlobals) = postSolution
		SolutionGuid = {26B452E9-EC3C-4B34-9BF7-ADBCA9B4A3F1}
	EndGlobalSection
EndGlobal
